
Microsoft Visual Studio Solution File, Format Version 11.00
# Visual Studio 2010
Project("{FAE04EC0-301F-11D3-BF4B-00C04F79EFBC}") = "MS Project", "Assembly-CSharp.csproj", "{AA081FE2-E9E7-D2AE-14AD-98B7F40690FE}"
EndProject
Global
	GlobalSection(SolutionConfigurationPlatforms) = preSolution
		Debug|Any CPU = Debug|Any CPU
		Release|Any CPU = Release|Any CPU
	EndGlobalSection
	GlobalSection(ProjectConfigurationPlatforms) = postSolution
		{AA081FE2-E9E7-D2AE-14AD-98B7F40690FE}.Debug|Any CPU.ActiveCfg = Debug|Any CPU
		{AA081FE2-E9E7-D2AE-14AD-98B7F40690FE}.Debug|Any CPU.Build.0 = Debug|Any CPU
		{AA081FE2-E9E7-D2AE-14AD-98B7F40690FE}.Release|Any CPU.ActiveCfg = Release|Any CPU
		{AA081FE2-E9E7-D2AE-14AD-98B7F40690FE}.Release|Any CPU.Build.0 = Release|Any CPU
	EndGlobalSection
	GlobalSection(SolutionProperties) = preSolution
		HideSolutionNode = FALSE
	EndGlobalSection
	GlobalSection(MonoDevelopProperties) = preSolution
		Policies = $0
		$0.DotNetNamingPolicy = $1
		$1.DirectoryNamespaceAssociation = None
		$1.ResourceNamePolicy = FileFormatDefault
		$0.TextStylePolicy = $2
		$2.inheritsSet = null
		$2.scope = text/x-csharp
		$0.CSharpFormattingPolicy = $3
		$3.IndentSwitchBody = True
		$3.IndentBlocksInsideExpressions = True
		$3.ElseNewLinePlacement = NewLine
		$3.ElseIfNewLinePlacement = NewLine
		$3.BeforeMethodDeclarationParentheses = False
		$3.BeforeMethodCallParentheses = False
		$3.BeforeConstructorDeclarationParentheses = False
		$3.BeforeIndexerDeclarationBracket = False
		$3.BeforeDelegateDeclarationParentheses = False
		$3.AfterDelegateDeclarationParameterComma = True
		$3.NewParentheses = False
		$3.SpacesBeforeBrackets = False
		$3.SpacesAfterTypecast = True
		$3.BlankLinesBeforeFirstDeclaration = 1
		$3.BlankLinesBetweenEventFields = 1
		$3.MethodCallArgumentWrapping = WrapIfTooLong
		$3.MethodDeclarationParameterWrapping = WrapIfTooLong
		$3.inheritsSet = Mono
		$3.inheritsScope = text/x-csharp
		$3.scope = text/x-csharp
	EndGlobalSection
EndGlobal
